
Microsoft Visual Studio Solution File, Format Version 12.00
# Visual Studio Version 17
VisualStudioVersion = 17.0.31903.59
MinimumVisualStudioVersion = 10.0.40219.1
Project("{FAE04EC0-301F-11D3-BF4B-00C04F79EFBC}") = "GT5 Car hack workshop", "GT5 Car hack workshop\GT5 Car hack workshop.csproj", "{AE2B645F-ED2B-4910-A189-0738291DDF91}"
EndProject
Project("{FAE04EC0-301F-11D3-BF4B-00C04F79EFBC}") = "PS3Pfd", "PS3Pfd\PS3Pfd.csproj", "{B40EE1B7-D7BD-464C-B6A6-734F5DE68153}"
EndProject
Global
	GlobalSection(SolutionConfigurationPlatforms) = preSolution
		Debug|Any CPU = Debug|Any CPU
		Debug|Mixed Platforms = Debug|Mixed Platforms
		Debug|x86 = Debug|x86
		Debug|x64 = Debug|x64
		Release|Any CPU = Release|Any CPU
		Release|Mixed Platforms = Release|Mixed Platforms
		Release|x86 = Release|x86
		Release|x64 = Release|x64
	EndGlobalSection
	GlobalSection(ProjectConfigurationPlatforms) = postSolution
		{AE2B645F-ED2B-4910-A189-0738291DDF91}.Debug|Any CPU.ActiveCfg = Debug|Any CPU
		{AE2B645F-ED2B-4910-A189-0738291DDF91}.Debug|Any CPU.Build.0 = Debug|Any CPU
		{AE2B645F-ED2B-4910-A189-0738291DDF91}.Debug|x64.ActiveCfg = Debug|Any CPU
		{AE2B645F-ED2B-4910-A189-0738291DDF91}.Debug|x64.Build.0 = Debug|Any CPU
		{AE2B645F-ED2B-4910-A189-0738291DDF91}.Release|x64.ActiveCfg = Release|Any CPU
		{AE2B645F-ED2B-4910-A189-0738291DDF91}.Release|x64.Build.0 = Release|Any CPU
		{B40EE1B7-D7BD-464C-B6A6-734F5DE68153}.Debug|Any CPU.ActiveCfg = Debug|Any CPU
		{B40EE1B7-D7BD-464C-B6A6-734F5DE68153}.Debug|Any CPU.Build.0 = Debug|Any CPU
		{B40EE1B7-D7BD-464C-B6A6-734F5DE68153}.Debug|Mixed Platforms.ActiveCfg = Debug|Any CPU
		{B40EE1B7-D7BD-464C-B6A6-734F5DE68153}.Debug|Mixed Platforms.Build.0 = Debug|Any CPU
		{B40EE1B7-D7BD-464C-B6A6-734F5DE68153}.Debug|x86.ActiveCfg = Debug|Any CPU
		{B40EE1B7-D7BD-464C-B6A6-734F5DE68153}.Debug|x86.Build.0 = Debug|Any CPU
		{B40EE1B7-D7BD-464C-B6A6-734F5DE68153}.Debug|x64.ActiveCfg = Debug|Any CPU
		{B40EE1B7-D7BD-464C-B6A6-734F5DE68153}.Debug|x64.Build.0 = Debug|Any CPU
		{B40EE1B7-D7BD-464C-B6A6-734F5DE68153}.Release|Any CPU.ActiveCfg = Release|Any CPU
		{B40EE1B7-D7BD-464C-B6A6-734F5DE68153}.Release|Any CPU.Build.0 = Release|Any CPU
		{B40EE1B7-D7BD-464C-B6A6-734F5DE68153}.Release|Mixed Platforms.ActiveCfg = Release|Any CPU
		{B40EE1B7-D7BD-464C-B6A6-734F5DE68153}.Release|Mixed Platforms.Build.0 = Release|Any CPU
		{B40EE1B7-D7BD-464C-B6A6-734F5DE68153}.Release|x86.ActiveCfg = Release|Any CPU
		{B40EE1B7-D7BD-464C-B6A6-734F5DE68153}.Release|x86.Build.0 = Release|Any CPU
		{B40EE1B7-D7BD-464C-B6A6-734F5DE68153}.Release|x64.ActiveCfg = Release|Any CPU
		{B40EE1B7-D7BD-464C-B6A6-734F5DE68153}.Release|x64.Build.0 = Release|Any CPU
	EndGlobalSection
	GlobalSection(SolutionProperties) = preSolution
		HideSolutionNode = FALSE
	EndGlobalSection
EndGlobal
